
Microsoft Visual Studio Solution File, Format Version 12.00
# Visual Studio 15
VisualStudioVersion = 15.0.28307.421
MinimumVisualStudioVersion = 10.0.40219.1
Project("{FAE04EC0-301F-11D3-BF4B-00C04F79EFBC}") = "GUI", "GUI\GUI.csproj", "{6AEE3929-5A94-44EB-BDF2-87E0BC8016A8}"
EndProject
Global
	GlobalSection(SolutionConfigurationPlatforms) = preSolution
		Debug|Any CPU = Debug|Any CPU
		Release|Any CPU = Release|Any CPU
	EndGlobalSection
	GlobalSection(ProjectConfigurationPlatforms) = postSolution
		{6AEE3929-5A94-44EB-BDF2-87E0BC8016A8}.Debug|Any CPU.ActiveCfg = Debug|Any CPU
		{6AEE3929-5A94-44EB-BDF2-87E0BC8016A8}.Debug|Any CPU.Build.0 = Debug|Any CPU
		{6AEE3929-5A94-44EB-BDF2-87E0BC8016A8}.Release|Any CPU.ActiveCfg = Release|Any CPU
		{6AEE3929-5A94-44EB-BDF2-87E0BC8016A8}.Release|Any CPU.Build.0 = Release|Any CPU
	EndGlobalSection
	GlobalSection(SolutionProperties) = preSolution
		HideSolutionNode = FALSE
	EndGlobalSection
	GlobalSection(ExtensibilityGlobals) = postSolution
		SolutionGuid = {3BAAA7A5-70EB-42CF-A76E-5BE2B031C8BB}
	EndGlobalSection
EndGlobal
