
Microsoft Visual Studio Solution File, Format Version 12.00
# Visual Studio 15
VisualStudioVersion = 15.0.28307.421
MinimumVisualStudioVersion = 10.0.40219.1
Project("{FAE04EC0-301F-11D3-BF4B-00C04F79EFBC}") = "Movies", "Movies\Movies.csproj", "{D983FC5D-A1B9-4E21-A23A-B1D87B941C89}"
EndProject
Global
	GlobalSection(SolutionConfigurationPlatforms) = preSolution
		Debug|Any CPU = Debug|Any CPU
		Release|Any CPU = Release|Any CPU
	EndGlobalSection
	GlobalSection(ProjectConfigurationPlatforms) = postSolution
		{D983FC5D-A1B9-4E21-A23A-B1D87B941C89}.Debug|Any CPU.ActiveCfg = Debug|Any CPU
		{D983FC5D-A1B9-4E21-A23A-B1D87B941C89}.Debug|Any CPU.Build.0 = Debug|Any CPU
		{D983FC5D-A1B9-4E21-A23A-B1D87B941C89}.Release|Any CPU.ActiveCfg = Release|Any CPU
		{D983FC5D-A1B9-4E21-A23A-B1D87B941C89}.Release|Any CPU.Build.0 = Release|Any CPU
	EndGlobalSection
	GlobalSection(SolutionProperties) = preSolution
		HideSolutionNode = FALSE
	EndGlobalSection
	GlobalSection(ExtensibilityGlobals) = postSolution
		SolutionGuid = {0E7550EB-9FBC-4CB2-BEE7-DB53F38EFE63}
	EndGlobalSection
EndGlobal
